// !$*UTF8*$!
{
	archiveVersion = 1;
	classes = {
	};
	objectVersion = 46;
	objects = {

/* Begin PBXBuildFile section */
		1710B8121F13FD1100EF0BD0 /* ApexPlayerTabBarVC.swift in Sources */ = {isa = PBXBuildFile; fileRef = 1710B8111F13FD1100EF0BD0 /* ApexPlayerTabBarVC.swift */; };
		1710B8141F14032C00EF0BD0 /* ViewController+TweenKit.swift in Sources */ = {isa = PBXBuildFile; fileRef = 1710B8131F14032C00EF0BD0 /* ViewController+TweenKit.swift */; };
		1710B8161F140AA400EF0BD0 /* Constants.swift in Sources */ = {isa = PBXBuildFile; fileRef = 1710B8151F140AA400EF0BD0 /* Constants.swift */; };
		1710B8181F140C0400EF0BD0 /* AppearanceService.swift in Sources */ = {isa = PBXBuildFile; fileRef = 1710B8171F140C0400EF0BD0 /* AppearanceService.swift */; };
		1710B8201F151D3100EF0BD0 /* DataManager.swift in Sources */ = {isa = PBXBuildFile; fileRef = 1710B81F1F151D3100EF0BD0 /* DataManager.swift */; };
		1710B8341F151DF900EF0BD0 /* MediaManager.swift in Sources */ = {isa = PBXBuildFile; fileRef = 1710B82D1F151DF900EF0BD0 /* MediaManager.swift */; };
		1710B8361F151DF900EF0BD0 /* PlayerLayout.swift in Sources */ = {isa = PBXBuildFile; fileRef = 1710B82F1F151DF900EF0BD0 /* PlayerLayout.swift */; };
		1710B8371F151DF900EF0BD0 /* EZPlayerSkin+Delegate.swift in Sources */ = {isa = PBXBuildFile; fileRef = 1710B8301F151DF900EF0BD0 /* EZPlayerSkin+Delegate.swift */; };
		1710B8381F151DF900EF0BD0 /* EZPlayerCustom.swift in Sources */ = {isa = PBXBuildFile; fileRef = 1710B8311F151DF900EF0BD0 /* EZPlayerCustom.swift */; };
		1710B8391F151DF900EF0BD0 /* EZPlayerCustomSkin+UI.swift in Sources */ = {isa = PBXBuildFile; fileRef = 1710B8321F151DF900EF0BD0 /* EZPlayerCustomSkin+UI.swift */; };
		1710B83A1F151DF900EF0BD0 /* SnapkitPlayerView.swift in Sources */ = {isa = PBXBuildFile; fileRef = 1710B8331F151DF900EF0BD0 /* SnapkitPlayerView.swift */; };
		172089461F152B59000B7962 /* HandoverVideoItemTableViewCell.swift in Sources */ = {isa = PBXBuildFile; fileRef = 172089451F152B59000B7962 /* HandoverVideoItemTableViewCell.swift */; };
		1720894A1F152BE7000B7962 /* HandoverVideoItemTableViewCell+Seemless.swift in Sources */ = {isa = PBXBuildFile; fileRef = 172089491F152BE7000B7962 /* HandoverVideoItemTableViewCell+Seemless.swift */; };
		1720894C1F15323B000B7962 /* ViewController+UIScrollView.swift in Sources */ = {isa = PBXBuildFile; fileRef = 1720894B1F15323B000B7962 /* ViewController+UIScrollView.swift */; };
		1720894E1F153278000B7962 /* ViewController+UITableView.swift in Sources */ = {isa = PBXBuildFile; fileRef = 1720894D1F153278000B7962 /* ViewController+UITableView.swift */; };
		172089501F1532D3000B7962 /* ViewController+EZPlayer.swift in Sources */ = {isa = PBXBuildFile; fileRef = 1720894F1F1532D3000B7962 /* ViewController+EZPlayer.swift */; };
		1743FF751EEBF0EB0046887E /* UIFactory.swift in Sources */ = {isa = PBXBuildFile; fileRef = 1743FF741EEBF0EB0046887E /* UIFactory.swift */; };
		1743FF771EEBF7B50046887E /* placeholder.jpg in Resources */ = {isa = PBXBuildFile; fileRef = 1743FF761EEBF7B50046887E /* placeholder.jpg */; };
		1749B7231EEB7B2F00DC0057 /* VideoItemTableViewCell.swift in Sources */ = {isa = PBXBuildFile; fileRef = 1749B7221EEB7B2F00DC0057 /* VideoItemTableViewCell.swift */; };
		1749B7251EEBEE7000DC0057 /* Extensions.swift in Sources */ = {isa = PBXBuildFile; fileRef = 1749B7241EEBEE7000DC0057 /* Extensions.swift */; };
		3F58BB78DB038B6803A42BB5 /* Pods_VideoTable.framework in Frameworks */ = {isa = PBXBuildFile; fileRef = ABE821AB765A2AF2D97F79D7 /* Pods_VideoTable.framework */; };
		84499C3E1E8D8D84007266FA /* AppDelegate.swift in Sources */ = {isa = PBXBuildFile; fileRef = 84499C3D1E8D8D84007266FA /* AppDelegate.swift */; };
		84499C401E8D8D84007266FA /* ViewController+UI.swift in Sources */ = {isa = PBXBuildFile; fileRef = 84499C3F1E8D8D84007266FA /* ViewController+UI.swift */; };
		84499C451E8D8D84007266FA /* Assets.xcassets in Resources */ = {isa = PBXBuildFile; fileRef = 84499C441E8D8D84007266FA /* Assets.xcassets */; };
		84499C481E8D8D84007266FA /* LaunchScreen.storyboard in Resources */ = {isa = PBXBuildFile; fileRef = 84499C461E8D8D84007266FA /* LaunchScreen.storyboard */; };
		84499C531E8D8D84007266FA /* VideoTableTests.swift in Sources */ = {isa = PBXBuildFile; fileRef = 84499C521E8D8D84007266FA /* VideoTableTests.swift */; };
		84499C5E1E8D8D84007266FA /* VideoTableUITests.swift in Sources */ = {isa = PBXBuildFile; fileRef = 84499C5D1E8D8D84007266FA /* VideoTableUITests.swift */; };
		84499C6D1E8D8DBE007266FA /* AVFoundation.framework in Frameworks */ = {isa = PBXBuildFile; fileRef = 84499C6C1E8D8DBE007266FA /* AVFoundation.framework */; };
		84499C6F1E8D8DC2007266FA /* AVKit.framework in Frameworks */ = {isa = PBXBuildFile; fileRef = 84499C6E1E8D8DC2007266FA /* AVKit.framework */; };
		84499C711E8D8DD5007266FA /* MediaPlayer.framework in Frameworks */ = {isa = PBXBuildFile; fileRef = 84499C701E8D8DD5007266FA /* MediaPlayer.framework */; };
		CBE6F6FA6E59F0E02B224B67 /* Pods_VideoTableTests.framework in Frameworks */ = {isa = PBXBuildFile; fileRef = B59A7D4D08789A19DB8E1482 /* Pods_VideoTableTests.framework */; };
		DE42AED875A1808D2E71D5B4 /* Pods_VideoTableUITests.framework in Frameworks */ = {isa = PBXBuildFile; fileRef = EBD429B3E2490A0475745ED7 /* Pods_VideoTableUITests.framework */; };
/* End PBXBuildFile section */

/* Begin PBXContainerItemProxy section */
		84499C4F1E8D8D84007266FA /* PBXContainerItemProxy */ = {
			isa = PBXContainerItemProxy;
			containerPortal = 84499C321E8D8D84007266FA /* Project object */;
			proxyType = 1;
			remoteGlobalIDString = 84499C391E8D8D84007266FA;
			remoteInfo = VideoTable;
		};
		84499C5A1E8D8D84007266FA /* PBXContainerItemProxy */ = {
			isa = PBXContainerItemProxy;
			containerPortal = 84499C321E8D8D84007266FA /* Project object */;
			proxyType = 1;
			remoteGlobalIDString = 84499C391E8D8D84007266FA;
			remoteInfo = VideoTable;
		};
/* End PBXContainerItemProxy section */

/* Begin PBXFileReference section */
		1710B8111F13FD1100EF0BD0 /* ApexPlayerTabBarVC.swift */ = {isa = PBXFileReference; fileEncoding = 4; lastKnownFileType = sourcecode.swift; path = ApexPlayerTabBarVC.swift; sourceTree = "<group>"; };
		1710B8131F14032C00EF0BD0 /* ViewController+TweenKit.swift */ = {isa = PBXFileReference; fileEncoding = 4; lastKnownFileType = sourcecode.swift; path = "ViewController+TweenKit.swift"; sourceTree = "<group>"; };
		1710B8151F140AA400EF0BD0 /* Constants.swift */ = {isa = PBXFileReference; fileEncoding = 4; lastKnownFileType = sourcecode.swift; path = Constants.swift; sourceTree = "<group>"; };
		1710B8171F140C0400EF0BD0 /* AppearanceService.swift */ = {isa = PBXFileReference; fileEncoding = 4; lastKnownFileType = sourcecode.swift; path = AppearanceService.swift; sourceTree = "<group>"; };
		1710B81F1F151D3100EF0BD0 /* DataManager.swift */ = {isa = PBXFileReference; fileEncoding = 4; lastKnownFileType = sourcecode.swift; path = DataManager.swift; sourceTree = "<group>"; };
		1710B82D1F151DF900EF0BD0 /* MediaManager.swift */ = {isa = PBXFileReference; fileEncoding = 4; lastKnownFileType = sourcecode.swift; path = MediaManager.swift; sourceTree = "<group>"; };
		1710B82F1F151DF900EF0BD0 /* PlayerLayout.swift */ = {isa = PBXFileReference; fileEncoding = 4; lastKnownFileType = sourcecode.swift; path = PlayerLayout.swift; sourceTree = "<group>"; };
		1710B8301F151DF900EF0BD0 /* EZPlayerSkin+Delegate.swift */ = {isa = PBXFileReference; fileEncoding = 4; lastKnownFileType = sourcecode.swift; path = "EZPlayerSkin+Delegate.swift"; sourceTree = "<group>"; };
		1710B8311F151DF900EF0BD0 /* EZPlayerCustom.swift */ = {isa = PBXFileReference; fileEncoding = 4; lastKnownFileType = sourcecode.swift; path = EZPlayerCustom.swift; sourceTree = "<group>"; };
		1710B8321F151DF900EF0BD0 /* EZPlayerCustomSkin+UI.swift */ = {isa = PBXFileReference; fileEncoding = 4; lastKnownFileType = sourcecode.swift; path = "EZPlayerCustomSkin+UI.swift"; sourceTree = "<group>"; };
		1710B8331F151DF900EF0BD0 /* SnapkitPlayerView.swift */ = {isa = PBXFileReference; fileEncoding = 4; lastKnownFileType = sourcecode.swift; path = SnapkitPlayerView.swift; sourceTree = "<group>"; };
		172089451F152B59000B7962 /* HandoverVideoItemTableViewCell.swift */ = {isa = PBXFileReference; fileEncoding = 4; lastKnownFileType = sourcecode.swift; path = HandoverVideoItemTableViewCell.swift; sourceTree = "<group>"; };
		172089491F152BE7000B7962 /* HandoverVideoItemTableViewCell+Seemless.swift */ = {isa = PBXFileReference; fileEncoding = 4; lastKnownFileType = sourcecode.swift; path = "HandoverVideoItemTableViewCell+Seemless.swift"; sourceTree = "<group>"; };
		1720894B1F15323B000B7962 /* ViewController+UIScrollView.swift */ = {isa = PBXFileReference; fileEncoding = 4; lastKnownFileType = sourcecode.swift; path = "ViewController+UIScrollView.swift"; sourceTree = "<group>"; };
		1720894D1F153278000B7962 /* ViewController+UITableView.swift */ = {isa = PBXFileReference; fileEncoding = 4; lastKnownFileType = sourcecode.swift; path = "ViewController+UITableView.swift"; sourceTree = "<group>"; };
		1720894F1F1532D3000B7962 /* ViewController+EZPlayer.swift */ = {isa = PBXFileReference; fileEncoding = 4; lastKnownFileType = sourcecode.swift; path = "ViewController+EZPlayer.swift"; sourceTree = "<group>"; };
		1743FF741EEBF0EB0046887E /* UIFactory.swift */ = {isa = PBXFileReference; fileEncoding = 4; lastKnownFileType = sourcecode.swift; path = UIFactory.swift; sourceTree = "<group>"; };
		1743FF761EEBF7B50046887E /* placeholder.jpg */ = {isa = PBXFileReference; lastKnownFileType = image.jpeg; path = placeholder.jpg; sourceTree = "<group>"; };
		1749B7221EEB7B2F00DC0057 /* VideoItemTableViewCell.swift */ = {isa = PBXFileReference; fileEncoding = 4; lastKnownFileType = sourcecode.swift; path = VideoItemTableViewCell.swift; sourceTree = "<group>"; };
		1749B7241EEBEE7000DC0057 /* Extensions.swift */ = {isa = PBXFileReference; fileEncoding = 4; lastKnownFileType = sourcecode.swift; path = Extensions.swift; sourceTree = "<group>"; };
		3C1FA45300398A391F99C329 /* Pods-VideoTableUITests.release.xcconfig */ = {isa = PBXFileReference; includeInIndex = 1; lastKnownFileType = text.xcconfig; name = "Pods-VideoTableUITests.release.xcconfig"; path = "Pods/Target Support Files/Pods-VideoTableUITests/Pods-VideoTableUITests.release.xcconfig"; sourceTree = "<group>"; };
		4D910DB378B932E205597F08 /* Pods-VideoTableTests.debug.xcconfig */ = {isa = PBXFileReference; includeInIndex = 1; lastKnownFileType = text.xcconfig; name = "Pods-VideoTableTests.debug.xcconfig"; path = "Pods/Target Support Files/Pods-VideoTableTests/Pods-VideoTableTests.debug.xcconfig"; sourceTree = "<group>"; };
		84499C3A1E8D8D84007266FA /* VideoTable.app */ = {isa = PBXFileReference; explicitFileType = wrapper.application; includeInIndex = 0; path = VideoTable.app; sourceTree = BUILT_PRODUCTS_DIR; };
		84499C3D1E8D8D84007266FA /* AppDelegate.swift */ = {isa = PBXFileReference; lastKnownFileType = sourcecode.swift; path = AppDelegate.swift; sourceTree = "<group>"; };
		84499C3F1E8D8D84007266FA /* ViewController+UI.swift */ = {isa = PBXFileReference; lastKnownFileType = sourcecode.swift; path = "ViewController+UI.swift"; sourceTree = "<group>"; };
		84499C441E8D8D84007266FA /* Assets.xcassets */ = {isa = PBXFileReference; lastKnownFileType = folder.assetcatalog; path = Assets.xcassets; sourceTree = "<group>"; };
		84499C471E8D8D84007266FA /* Base */ = {isa = PBXFileReference; lastKnownFileType = file.storyboard; name = Base; path = Base.lproj/LaunchScreen.storyboard; sourceTree = "<group>"; };
		84499C491E8D8D84007266FA /* Info.plist */ = {isa = PBXFileReference; lastKnownFileType = text.plist.xml; path = Info.plist; sourceTree = "<group>"; };
		84499C4E1E8D8D84007266FA /* VideoTableTests.xctest */ = {isa = PBXFileReference; explicitFileType = wrapper.cfbundle; includeInIndex = 0; path = VideoTableTests.xctest; sourceTree = BUILT_PRODUCTS_DIR; };
		84499C521E8D8D84007266FA /* VideoTableTests.swift */ = {isa = PBXFileReference; lastKnownFileType = sourcecode.swift; path = VideoTableTests.swift; sourceTree = "<group>"; };
		84499C541E8D8D84007266FA /* Info.plist */ = {isa = PBXFileReference; lastKnownFileType = text.plist.xml; path = Info.plist; sourceTree = "<group>"; };
		84499C591E8D8D84007266FA /* VideoTableUITests.xctest */ = {isa = PBXFileReference; explicitFileType = wrapper.cfbundle; includeInIndex = 0; path = VideoTableUITests.xctest; sourceTree = BUILT_PRODUCTS_DIR; };
		84499C5D1E8D8D84007266FA /* VideoTableUITests.swift */ = {isa = PBXFileReference; lastKnownFileType = sourcecode.swift; path = VideoTableUITests.swift; sourceTree = "<group>"; };
		84499C5F1E8D8D84007266FA /* Info.plist */ = {isa = PBXFileReference; lastKnownFileType = text.plist.xml; path = Info.plist; sourceTree = "<group>"; };
		84499C6C1E8D8DBE007266FA /* AVFoundation.framework */ = {isa = PBXFileReference; lastKnownFileType = wrapper.framework; name = AVFoundation.framework; path = System/Library/Frameworks/AVFoundation.framework; sourceTree = SDKROOT; };
		84499C6E1E8D8DC2007266FA /* AVKit.framework */ = {isa = PBXFileReference; lastKnownFileType = wrapper.framework; name = AVKit.framework; path = System/Library/Frameworks/AVKit.framework; sourceTree = SDKROOT; };
		84499C701E8D8DD5007266FA /* MediaPlayer.framework */ = {isa = PBXFileReference; lastKnownFileType = wrapper.framework; name = MediaPlayer.framework; path = System/Library/Frameworks/MediaPlayer.framework; sourceTree = SDKROOT; };
		8ADA74B2DEFF65A7D0364E89 /* Pods-VideoTable.release.xcconfig */ = {isa = PBXFileReference; includeInIndex = 1; lastKnownFileType = text.xcconfig; name = "Pods-VideoTable.release.xcconfig"; path = "Pods/Target Support Files/Pods-VideoTable/Pods-VideoTable.release.xcconfig"; sourceTree = "<group>"; };
		9C1FB798449F942E82C6FF5F /* Pods-VideoTableUITests.debug.xcconfig */ = {isa = PBXFileReference; includeInIndex = 1; lastKnownFileType = text.xcconfig; name = "Pods-VideoTableUITests.debug.xcconfig"; path = "Pods/Target Support Files/Pods-VideoTableUITests/Pods-VideoTableUITests.debug.xcconfig"; sourceTree = "<group>"; };
		ABE821AB765A2AF2D97F79D7 /* Pods_VideoTable.framework */ = {isa = PBXFileReference; explicitFileType = wrapper.framework; includeInIndex = 0; path = Pods_VideoTable.framework; sourceTree = BUILT_PRODUCTS_DIR; };
		B30A3F2DA393953A255126B4 /* Pods-VideoTable.debug.xcconfig */ = {isa = PBXFileReference; includeInIndex = 1; lastKnownFileType = text.xcconfig; name = "Pods-VideoTable.debug.xcconfig"; path = "Pods/Target Support Files/Pods-VideoTable/Pods-VideoTable.debug.xcconfig"; sourceTree = "<group>"; };
		B59A7D4D08789A19DB8E1482 /* Pods_VideoTableTests.framework */ = {isa = PBXFileReference; explicitFileType = wrapper.framework; includeInIndex = 0; path = Pods_VideoTableTests.framework; sourceTree = BUILT_PRODUCTS_DIR; };
		EBD429B3E2490A0475745ED7 /* Pods_VideoTableUITests.framework */ = {isa = PBXFileReference; explicitFileType = wrapper.framework; includeInIndex = 0; path = Pods_VideoTableUITests.framework; sourceTree = BUILT_PRODUCTS_DIR; };
		FCC4360DBA43D7A6F22AB70D /* Pods-VideoTableTests.release.xcconfig */ = {isa = PBXFileReference; includeInIndex = 1; lastKnownFileType = text.xcconfig; name = "Pods-VideoTableTests.release.xcconfig"; path = "Pods/Target Support Files/Pods-VideoTableTests/Pods-VideoTableTests.release.xcconfig"; sourceTree = "<group>"; };
/* End PBXFileReference section */

/* Begin PBXFrameworksBuildPhase section */
		84499C371E8D8D84007266FA /* Frameworks */ = {
			isa = PBXFrameworksBuildPhase;
			buildActionMask = 2147483647;
			files = (
				84499C711E8D8DD5007266FA /* MediaPlayer.framework in Frameworks */,
				84499C6F1E8D8DC2007266FA /* AVKit.framework in Frameworks */,
				84499C6D1E8D8DBE007266FA /* AVFoundation.framework in Frameworks */,
				3F58BB78DB038B6803A42BB5 /* Pods_VideoTable.framework in Frameworks */,
			);
			runOnlyForDeploymentPostprocessing = 0;
		};
		84499C4B1E8D8D84007266FA /* Frameworks */ = {
			isa = PBXFrameworksBuildPhase;
			buildActionMask = 2147483647;
			files = (
				CBE6F6FA6E59F0E02B224B67 /* Pods_VideoTableTests.framework in Frameworks */,
			);
			runOnlyForDeploymentPostprocessing = 0;
		};
		84499C561E8D8D84007266FA /* Frameworks */ = {
			isa = PBXFrameworksBuildPhase;
			buildActionMask = 2147483647;
			files = (
				DE42AED875A1808D2E71D5B4 /* Pods_VideoTableUITests.framework in Frameworks */,
			);
			runOnlyForDeploymentPostprocessing = 0;
		};
/* End PBXFrameworksBuildPhase section */

/* Begin PBXGroup section */
		1710B82C1F151DF900EF0BD0 /* Player */ = {
			isa = PBXGroup;
			children = (
				1710B82D1F151DF900EF0BD0 /* MediaManager.swift */,
				1710B82F1F151DF900EF0BD0 /* PlayerLayout.swift */,
				1710B8301F151DF900EF0BD0 /* EZPlayerSkin+Delegate.swift */,
				1710B8311F151DF900EF0BD0 /* EZPlayerCustom.swift */,
				1710B8321F151DF900EF0BD0 /* EZPlayerCustomSkin+UI.swift */,
				1710B8331F151DF900EF0BD0 /* SnapkitPlayerView.swift */,
			);
			path = Player;
			sourceTree = "<group>";
		};
		84499C311E8D8D84007266FA = {
			isa = PBXGroup;
			children = (
				84499C3C1E8D8D84007266FA /* VideoTable */,
				84499C6B1E8D8DBE007266FA /* Frameworks */,
				8D6B96A508DDD8AA4CB1AEDB /* Pods */,
				84499C3B1E8D8D84007266FA /* Products */,
				84499C511E8D8D84007266FA /* VideoTableTests */,
				84499C5C1E8D8D84007266FA /* VideoTableUITests */,
			);
			sourceTree = "<group>";
		};
		84499C3B1E8D8D84007266FA /* Products */ = {
			isa = PBXGroup;
			children = (
				84499C3A1E8D8D84007266FA /* VideoTable.app */,
				84499C4E1E8D8D84007266FA /* VideoTableTests.xctest */,
				84499C591E8D8D84007266FA /* VideoTableUITests.xctest */,
			);
			name = Products;
			sourceTree = "<group>";
		};
		84499C3C1E8D8D84007266FA /* VideoTable */ = {
			isa = PBXGroup;
			children = (
				1710B8111F13FD1100EF0BD0 /* ApexPlayerTabBarVC.swift */,
				84499C3D1E8D8D84007266FA /* AppDelegate.swift */,
				1710B8171F140C0400EF0BD0 /* AppearanceService.swift */,
				84499C441E8D8D84007266FA /* Assets.xcassets */,
				1710B8151F140AA400EF0BD0 /* Constants.swift */,
				1710B81F1F151D3100EF0BD0 /* DataManager.swift */,
				1749B7241EEBEE7000DC0057 /* Extensions.swift */,
				172089451F152B59000B7962 /* HandoverVideoItemTableViewCell.swift */,
				172089491F152BE7000B7962 /* HandoverVideoItemTableViewCell+Seemless.swift */,
				84499C491E8D8D84007266FA /* Info.plist */,
				84499C461E8D8D84007266FA /* LaunchScreen.storyboard */,
				1743FF761EEBF7B50046887E /* placeholder.jpg */,
				1710B82C1F151DF900EF0BD0 /* Player */,
				1743FF741EEBF0EB0046887E /* UIFactory.swift */,
				1749B7221EEB7B2F00DC0057 /* VideoItemTableViewCell.swift */,
				84499C3F1E8D8D84007266FA /* ViewController+UI.swift */,
				1720894F1F1532D3000B7962 /* ViewController+EZPlayer.swift */,
				1720894D1F153278000B7962 /* ViewController+UITableView.swift */,
				1720894B1F15323B000B7962 /* ViewController+UIScrollView.swift */,
				1710B8131F14032C00EF0BD0 /* ViewController+TweenKit.swift */,
			);
			path = VideoTable;
			sourceTree = "<group>";
		};
		84499C511E8D8D84007266FA /* VideoTableTests */ = {
			isa = PBXGroup;
			children = (
				84499C521E8D8D84007266FA /* VideoTableTests.swift */,
				84499C541E8D8D84007266FA /* Info.plist */,
			);
			path = VideoTableTests;
			sourceTree = "<group>";
		};
		84499C5C1E8D8D84007266FA /* VideoTableUITests */ = {
			isa = PBXGroup;
			children = (
				84499C5D1E8D8D84007266FA /* VideoTableUITests.swift */,
				84499C5F1E8D8D84007266FA /* Info.plist */,
			);
			path = VideoTableUITests;
			sourceTree = "<group>";
		};
		84499C6B1E8D8DBE007266FA /* Frameworks */ = {
			isa = PBXGroup;
			children = (
				84499C701E8D8DD5007266FA /* MediaPlayer.framework */,
				84499C6E1E8D8DC2007266FA /* AVKit.framework */,
				84499C6C1E8D8DBE007266FA /* AVFoundation.framework */,
				ABE821AB765A2AF2D97F79D7 /* Pods_VideoTable.framework */,
				B59A7D4D08789A19DB8E1482 /* Pods_VideoTableTests.framework */,
				EBD429B3E2490A0475745ED7 /* Pods_VideoTableUITests.framework */,
			);
			name = Frameworks;
			sourceTree = "<group>";
		};
		8D6B96A508DDD8AA4CB1AEDB /* Pods */ = {
			isa = PBXGroup;
			children = (
				B30A3F2DA393953A255126B4 /* Pods-VideoTable.debug.xcconfig */,
				8ADA74B2DEFF65A7D0364E89 /* Pods-VideoTable.release.xcconfig */,
				4D910DB378B932E205597F08 /* Pods-VideoTableTests.debug.xcconfig */,
				FCC4360DBA43D7A6F22AB70D /* Pods-VideoTableTests.release.xcconfig */,
				9C1FB798449F942E82C6FF5F /* Pods-VideoTableUITests.debug.xcconfig */,
				3C1FA45300398A391F99C329 /* Pods-VideoTableUITests.release.xcconfig */,
			);
			name = Pods;
			sourceTree = "<group>";
		};
/* End PBXGroup section */

/* Begin PBXNativeTarget section */
		84499C391E8D8D84007266FA /* VideoTable */ = {
			isa = PBXNativeTarget;
			buildConfigurationList = 84499C621E8D8D85007266FA /* Build configuration list for PBXNativeTarget "VideoTable" */;
			buildPhases = (
				262E2F63FBD2100B4DB626AA /* [CP] Check Pods Manifest.lock */,
				84499C361E8D8D84007266FA /* Sources */,
				84499C371E8D8D84007266FA /* Frameworks */,
				84499C381E8D8D84007266FA /* Resources */,
				58BC571CE909535FF508EC42 /* [CP] Embed Pods Frameworks */,
				8FB6A75D624183F4B360C4FB /* [CP] Copy Pods Resources */,
			);
			buildRules = (
			);
			dependencies = (
			);
			name = VideoTable;
			productName = VideoTable;
			productReference = 84499C3A1E8D8D84007266FA /* VideoTable.app */;
			productType = "com.apple.product-type.application";
		};
		84499C4D1E8D8D84007266FA /* VideoTableTests */ = {
			isa = PBXNativeTarget;
			buildConfigurationList = 84499C651E8D8D85007266FA /* Build configuration list for PBXNativeTarget "VideoTableTests" */;
			buildPhases = (
				BFC91DFF2B82A51471D11B94 /* [CP] Check Pods Manifest.lock */,
				84499C4A1E8D8D84007266FA /* Sources */,
				84499C4B1E8D8D84007266FA /* Frameworks */,
				84499C4C1E8D8D84007266FA /* Resources */,
				C5C186C1E15F1C2F291CC1D9 /* [CP] Embed Pods Frameworks */,
				E0FDFA19C517AC184D14DCF1 /* [CP] Copy Pods Resources */,
			);
			buildRules = (
			);
			dependencies = (
				84499C501E8D8D84007266FA /* PBXTargetDependency */,
			);
			name = VideoTableTests;
			productName = VideoTableTests;
			productReference = 84499C4E1E8D8D84007266FA /* VideoTableTests.xctest */;
			productType = "com.apple.product-type.bundle.unit-test";
		};
		84499C581E8D8D84007266FA /* VideoTableUITests */ = {
			isa = PBXNativeTarget;
			buildConfigurationList = 84499C681E8D8D85007266FA /* Build configuration list for PBXNativeTarget "VideoTableUITests" */;
			buildPhases = (
				DB7FE5F659C2EFD92BBC8EB8 /* [CP] Check Pods Manifest.lock */,
				84499C551E8D8D84007266FA /* Sources */,
				84499C561E8D8D84007266FA /* Frameworks */,
				84499C571E8D8D84007266FA /* Resources */,
				569C73C31E51537084444689 /* [CP] Embed Pods Frameworks */,
				6DA5B7A27D05A330598179B5 /* [CP] Copy Pods Resources */,
			);
			buildRules = (
			);
			dependencies = (
				84499C5B1E8D8D84007266FA /* PBXTargetDependency */,
			);
			name = VideoTableUITests;
			productName = VideoTableUITests;
			productReference = 84499C591E8D8D84007266FA /* VideoTableUITests.xctest */;
			productType = "com.apple.product-type.bundle.ui-testing";
		};
/* End PBXNativeTarget section */

/* Begin PBXProject section */
		84499C321E8D8D84007266FA /* Project object */ = {
			isa = PBXProject;
			attributes = {
				LastSwiftUpdateCheck = 0810;
				LastUpgradeCheck = 0810;
				ORGANIZATIONNAME = Admin;
				TargetAttributes = {
					84499C391E8D8D84007266FA = {
						CreatedOnToolsVersion = 8.1;
						DevelopmentTeam = KL43C67G5Z;
						ProvisioningStyle = Automatic;
					};
					84499C4D1E8D8D84007266FA = {
						CreatedOnToolsVersion = 8.1;
						ProvisioningStyle = Automatic;
						TestTargetID = 84499C391E8D8D84007266FA;
					};
					84499C581E8D8D84007266FA = {
						CreatedOnToolsVersion = 8.1;
						ProvisioningStyle = Automatic;
						TestTargetID = 84499C391E8D8D84007266FA;
					};
				};
			};
			buildConfigurationList = 84499C351E8D8D84007266FA /* Build configuration list for PBXProject "VideoTable" */;
			compatibilityVersion = "Xcode 3.2";
			developmentRegion = English;
			hasScannedForEncodings = 0;
			knownRegions = (
				en,
				Base,
			);
			mainGroup = 84499C311E8D8D84007266FA;
			productRefGroup = 84499C3B1E8D8D84007266FA /* Products */;
			projectDirPath = "";
			projectRoot = "";
			targets = (
				84499C391E8D8D84007266FA /* VideoTable */,
				84499C4D1E8D8D84007266FA /* VideoTableTests */,
				84499C581E8D8D84007266FA /* VideoTableUITests */,
			);
		};
/* End PBXProject section */

/* Begin PBXResourcesBuildPhase section */
		84499C381E8D8D84007266FA /* Resources */ = {
			isa = PBXResourcesBuildPhase;
			buildActionMask = 2147483647;
			files = (
				84499C481E8D8D84007266FA /* LaunchScreen.storyboard in Resources */,
				1743FF771EEBF7B50046887E /* placeholder.jpg in Resources */,
				84499C451E8D8D84007266FA /* Assets.xcassets in Resources */,
			);
			runOnlyForDeploymentPostprocessing = 0;
		};
		84499C4C1E8D8D84007266FA /* Resources */ = {
			isa = PBXResourcesBuildPhase;
			buildActionMask = 2147483647;
			files = (
			);
			runOnlyForDeploymentPostprocessing = 0;
		};
		84499C571E8D8D84007266FA /* Resources */ = {
			isa = PBXResourcesBuildPhase;
			buildActionMask = 2147483647;
			files = (
			);
			runOnlyForDeploymentPostprocessing = 0;
		};
/* End PBXResourcesBuildPhase section */

/* Begin PBXShellScriptBuildPhase section */
		262E2F63FBD2100B4DB626AA /* [CP] Check Pods Manifest.lock */ = {
			isa = PBXShellScriptBuildPhase;
			buildActionMask = 2147483647;
			files = (
			);
			inputPaths = (
			);
			name = "[CP] Check Pods Manifest.lock";
			outputPaths = (
			);
			runOnlyForDeploymentPostprocessing = 0;
			shellPath = /bin/sh;
			shellScript = "diff \"${PODS_PODFILE_DIR_PATH}/Podfile.lock\" \"${PODS_ROOT}/Manifest.lock\" > /dev/null\nif [ $? != 0 ] ; then\n    # print error to STDERR\n    echo \"error: The sandbox is not in sync with the Podfile.lock. Run 'pod install' or update your CocoaPods installation.\" >&2\n    exit 1\nfi\n";
			showEnvVarsInLog = 0;
		};
		569C73C31E51537084444689 /* [CP] Embed Pods Frameworks */ = {
			isa = PBXShellScriptBuildPhase;
			buildActionMask = 2147483647;
			files = (
			);
			inputPaths = (
			);
			name = "[CP] Embed Pods Frameworks";
			outputPaths = (
			);
			runOnlyForDeploymentPostprocessing = 0;
			shellPath = /bin/sh;
			shellScript = "\"${SRCROOT}/Pods/Target Support Files/Pods-VideoTableUITests/Pods-VideoTableUITests-frameworks.sh\"\n";
			showEnvVarsInLog = 0;
		};
		58BC571CE909535FF508EC42 /* [CP] Embed Pods Frameworks */ = {
			isa = PBXShellScriptBuildPhase;
			buildActionMask = 2147483647;
			files = (
			);
			inputPaths = (
			);
			name = "[CP] Embed Pods Frameworks";
			outputPaths = (
			);
			runOnlyForDeploymentPostprocessing = 0;
			shellPath = /bin/sh;
			shellScript = "\"${SRCROOT}/Pods/Target Support Files/Pods-VideoTable/Pods-VideoTable-frameworks.sh\"\n";
			showEnvVarsInLog = 0;
		};
		6DA5B7A27D05A330598179B5 /* [CP] Copy Pods Resources */ = {
			isa = PBXShellScriptBuildPhase;
			buildActionMask = 2147483647;
			files = (
			);
			inputPaths = (
			);
			name = "[CP] Copy Pods Resources";
			outputPaths = (
			);
			runOnlyForDeploymentPostprocessing = 0;
			shellPath = /bin/sh;
			shellScript = "\"${SRCROOT}/Pods/Target Support Files/Pods-VideoTableUITests/Pods-VideoTableUITests-resources.sh\"\n";
			showEnvVarsInLog = 0;
		};
		8FB6A75D624183F4B360C4FB /* [CP] Copy Pods Resources */ = {
			isa = PBXShellScriptBuildPhase;
			buildActionMask = 2147483647;
			files = (
			);
			inputPaths = (
			);
			name = "[CP] Copy Pods Resources";
			outputPaths = (
			);
			runOnlyForDeploymentPostprocessing = 0;
			shellPath = /bin/sh;
			shellScript = "\"${SRCROOT}/Pods/Target Support Files/Pods-VideoTable/Pods-VideoTable-resources.sh\"\n";
			showEnvVarsInLog = 0;
		};
		BFC91DFF2B82A51471D11B94 /* [CP] Check Pods Manifest.lock */ = {
			isa = PBXShellScriptBuildPhase;
			buildActionMask = 2147483647;
			files = (
			);
			inputPaths = (
			);
			name = "[CP] Check Pods Manifest.lock";
			outputPaths = (
			);
			runOnlyForDeploymentPostprocessing = 0;
			shellPath = /bin/sh;
			shellScript = "diff \"${PODS_PODFILE_DIR_PATH}/Podfile.lock\" \"${PODS_ROOT}/Manifest.lock\" > /dev/null\nif [ $? != 0 ] ; then\n    # print error to STDERR\n    echo \"error: The sandbox is not in sync with the Podfile.lock. Run 'pod install' or update your CocoaPods installation.\" >&2\n    exit 1\nfi\n";
			showEnvVarsInLog = 0;
		};
		C5C186C1E15F1C2F291CC1D9 /* [CP] Embed Pods Frameworks */ = {
			isa = PBXShellScriptBuildPhase;
			buildActionMask = 2147483647;
			files = (
			);
			inputPaths = (
			);
			name = "[CP] Embed Pods Frameworks";
			outputPaths = (
			);
			runOnlyForDeploymentPostprocessing = 0;
			shellPath = /bin/sh;
			shellScript = "\"${SRCROOT}/Pods/Target Support Files/Pods-VideoTableTests/Pods-VideoTableTests-frameworks.sh\"\n";
			showEnvVarsInLog = 0;
		};
		DB7FE5F659C2EFD92BBC8EB8 /* [CP] Check Pods Manifest.lock */ = {
			isa = PBXShellScriptBuildPhase;
			buildActionMask = 2147483647;
			files = (
			);
			inputPaths = (
			);
			name = "[CP] Check Pods Manifest.lock";
			outputPaths = (
			);
			runOnlyForDeploymentPostprocessing = 0;
			shellPath = /bin/sh;
			shellScript = "diff \"${PODS_PODFILE_DIR_PATH}/Podfile.lock\" \"${PODS_ROOT}/Manifest.lock\" > /dev/null\nif [ $? != 0 ] ; then\n    # print error to STDERR\n    echo \"error: The sandbox is not in sync with the Podfile.lock. Run 'pod install' or update your CocoaPods installation.\" >&2\n    exit 1\nfi\n";
			showEnvVarsInLog = 0;
		};
		E0FDFA19C517AC184D14DCF1 /* [CP] Copy Pods Resources */ = {
			isa = PBXShellScriptBuildPhase;
			buildActionMask = 2147483647;
			files = (
			);
			inputPaths = (
			);
			name = "[CP] Copy Pods Resources";
			outputPaths = (
			);
			runOnlyForDeploymentPostprocessing = 0;
			shellPath = /bin/sh;
			shellScript = "\"${SRCROOT}/Pods/Target Support Files/Pods-VideoTableTests/Pods-VideoTableTests-resources.sh\"\n";
			showEnvVarsInLog = 0;
		};
/* End PBXShellScriptBuildPhase section */

/* Begin PBXSourcesBuildPhase section */
		84499C361E8D8D84007266FA /* Sources */ = {
			isa = PBXSourcesBuildPhase;
			buildActionMask = 2147483647;
			files = (
				1720894A1F152BE7000B7962 /* HandoverVideoItemTableViewCell+Seemless.swift in Sources */,
				1710B8141F14032C00EF0BD0 /* ViewController+TweenKit.swift in Sources */,
				1710B8121F13FD1100EF0BD0 /* ApexPlayerTabBarVC.swift in Sources */,
				1749B7231EEB7B2F00DC0057 /* VideoItemTableViewCell.swift in Sources */,
				1749B7251EEBEE7000DC0057 /* Extensions.swift in Sources */,
				84499C401E8D8D84007266FA /* ViewController+UI.swift in Sources */,
				1710B8381F151DF900EF0BD0 /* EZPlayerCustom.swift in Sources */,
				1710B83A1F151DF900EF0BD0 /* SnapkitPlayerView.swift in Sources */,
				1720894E1F153278000B7962 /* ViewController+UITableView.swift in Sources */,
				1710B8201F151D3100EF0BD0 /* DataManager.swift in Sources */,
				1710B8161F140AA400EF0BD0 /* Constants.swift in Sources */,
				1710B8391F151DF900EF0BD0 /* EZPlayerCustomSkin+UI.swift in Sources */,
				1710B8371F151DF900EF0BD0 /* EZPlayerSkin+Delegate.swift in Sources */,
				1743FF751EEBF0EB0046887E /* UIFactory.swift in Sources */,
				84499C3E1E8D8D84007266FA /* AppDelegate.swift in Sources */,
				1710B8181F140C0400EF0BD0 /* AppearanceService.swift in Sources */,
				172089461F152B59000B7962 /* HandoverVideoItemTableViewCell.swift in Sources */,
				1710B8361F151DF900EF0BD0 /* PlayerLayout.swift in Sources */,
				172089501F1532D3000B7962 /* ViewController+EZPlayer.swift in Sources */,
				1710B8341F151DF900EF0BD0 /* MediaManager.swift in Sources */,
				1720894C1F15323B000B7962 /* ViewController+UIScrollView.swift in Sources */,
			);
			runOnlyForDeploymentPostprocessing = 0;
		};
		84499C4A1E8D8D84007266FA /* Sources */ = {
			isa = PBXSourcesBuildPhase;
			buildActionMask = 2147483647;
			files = (
				84499C531E8D8D84007266FA /* VideoTableTests.swift in Sources */,
			);
			runOnlyForDeploymentPostprocessing = 0;
		};
		84499C551E8D8D84007266FA /* Sources */ = {
			isa = PBXSourcesBuildPhase;
			buildActionMask = 2147483647;
			files = (
				84499C5E1E8D8D84007266FA /* VideoTableUITests.swift in Sources */,
			);
			runOnlyForDeploymentPostprocessing = 0;
		};
/* End PBXSourcesBuildPhase section */

/* Begin PBXTargetDependency section */
		84499C501E8D8D84007266FA /* PBXTargetDependency */ = {
			isa = PBXTargetDependency;
			target = 84499C391E8D8D84007266FA /* VideoTable */;
			targetProxy = 84499C4F1E8D8D84007266FA /* PBXContainerItemProxy */;
		};
		84499C5B1E8D8D84007266FA /* PBXTargetDependency */ = {
			isa = PBXTargetDependency;
			target = 84499C391E8D8D84007266FA /* VideoTable */;
			targetProxy = 84499C5A1E8D8D84007266FA /* PBXContainerItemProxy */;
		};
/* End PBXTargetDependency section */

/* Begin PBXVariantGroup section */
		84499C461E8D8D84007266FA /* LaunchScreen.storyboard */ = {
			isa = PBXVariantGroup;
			children = (
				84499C471E8D8D84007266FA /* Base */,
			);
			name = LaunchScreen.storyboard;
			sourceTree = "<group>";
		};
/* End PBXVariantGroup section */

/* Begin XCBuildConfiguration section */
		84499C601E8D8D84007266FA /* Debug */ = {
			isa = XCBuildConfiguration;
			buildSettings = {
				ALWAYS_SEARCH_USER_PATHS = NO;
				CLANG_ANALYZER_NONNULL = YES;
				CLANG_CXX_LANGUAGE_STANDARD = "gnu++0x";
				CLANG_CXX_LIBRARY = "libc++";
				CLANG_ENABLE_MODULES = YES;
				CLANG_ENABLE_OBJC_ARC = YES;
				CLANG_WARN_BOOL_CONVERSION = YES;
				CLANG_WARN_CONSTANT_CONVERSION = YES;
				CLANG_WARN_DIRECT_OBJC_ISA_USAGE = YES_ERROR;
				CLANG_WARN_DOCUMENTATION_COMMENTS = YES;
				CLANG_WARN_EMPTY_BODY = YES;
				CLANG_WARN_ENUM_CONVERSION = YES;
				CLANG_WARN_INFINITE_RECURSION = YES;
				CLANG_WARN_INT_CONVERSION = YES;
				CLANG_WARN_OBJC_ROOT_CLASS = YES_ERROR;
				CLANG_WARN_SUSPICIOUS_MOVES = YES;
				CLANG_WARN_UNREACHABLE_CODE = YES;
				CLANG_WARN__DUPLICATE_METHOD_MATCH = YES;
				"CODE_SIGN_IDENTITY[sdk=iphoneos*]" = "iPhone Developer";
				COPY_PHASE_STRIP = NO;
				DEBUG_INFORMATION_FORMAT = dwarf;
				ENABLE_STRICT_OBJC_MSGSEND = YES;
				ENABLE_TESTABILITY = YES;
				GCC_C_LANGUAGE_STANDARD = gnu99;
				GCC_DYNAMIC_NO_PIC = NO;
				GCC_NO_COMMON_BLOCKS = YES;
				GCC_OPTIMIZATION_LEVEL = 0;
				GCC_PREPROCESSOR_DEFINITIONS = (
					"DEBUG=1",
					"$(inherited)",
				);
				GCC_WARN_64_TO_32_BIT_CONVERSION = YES;
				GCC_WARN_ABOUT_RETURN_TYPE = YES_ERROR;
				GCC_WARN_UNDECLARED_SELECTOR = YES;
				GCC_WARN_UNINITIALIZED_AUTOS = YES_AGGRESSIVE;
				GCC_WARN_UNUSED_FUNCTION = YES;
				GCC_WARN_UNUSED_VARIABLE = YES;
				IPHONEOS_DEPLOYMENT_TARGET = 10.1;
				MTL_ENABLE_DEBUG_INFO = YES;
				ONLY_ACTIVE_ARCH = YES;
				SDKROOT = iphoneos;
				SWIFT_ACTIVE_COMPILATION_CONDITIONS = DEBUG;
				SWIFT_OPTIMIZATION_LEVEL = "-Onone";
				TARGETED_DEVICE_FAMILY = "1,2";
			};
			name = Debug;
		};
		84499C611E8D8D84007266FA /* Release */ = {
			isa = XCBuildConfiguration;
			buildSettings = {
				ALWAYS_SEARCH_USER_PATHS = NO;
				CLANG_ANALYZER_NONNULL = YES;
				CLANG_CXX_LANGUAGE_STANDARD = "gnu++0x";
				CLANG_CXX_LIBRARY = "libc++";
				CLANG_ENABLE_MODULES = YES;
				CLANG_ENABLE_OBJC_ARC = YES;
				CLANG_WARN_BOOL_CONVERSION = YES;
				CLANG_WARN_CONSTANT_CONVERSION = YES;
				CLANG_WARN_DIRECT_OBJC_ISA_USAGE = YES_ERROR;
				CLANG_WARN_DOCUMENTATION_COMMENTS = YES;
				CLANG_WARN_EMPTY_BODY = YES;
				CLANG_WARN_ENUM_CONVERSION = YES;
				CLANG_WARN_INFINITE_RECURSION = YES;
				CLANG_WARN_INT_CONVERSION = YES;
				CLANG_WARN_OBJC_ROOT_CLASS = YES_ERROR;
				CLANG_WARN_SUSPICIOUS_MOVES = YES;
				CLANG_WARN_UNREACHABLE_CODE = YES;
				CLANG_WARN__DUPLICATE_METHOD_MATCH = YES;
				"CODE_SIGN_IDENTITY[sdk=iphoneos*]" = "iPhone Developer";
				COPY_PHASE_STRIP = NO;
				DEBUG_INFORMATION_FORMAT = "dwarf-with-dsym";
				ENABLE_NS_ASSERTIONS = NO;
				ENABLE_STRICT_OBJC_MSGSEND = YES;
				GCC_C_LANGUAGE_STANDARD = gnu99;
				GCC_NO_COMMON_BLOCKS = YES;
				GCC_WARN_64_TO_32_BIT_CONVERSION = YES;
				GCC_WARN_ABOUT_RETURN_TYPE = YES_ERROR;
				GCC_WARN_UNDECLARED_SELECTOR = YES;
				GCC_WARN_UNINITIALIZED_AUTOS = YES_AGGRESSIVE;
				GCC_WARN_UNUSED_FUNCTION = YES;
				GCC_WARN_UNUSED_VARIABLE = YES;
				IPHONEOS_DEPLOYMENT_TARGET = 10.1;
				MTL_ENABLE_DEBUG_INFO = NO;
				SDKROOT = iphoneos;
				SWIFT_OPTIMIZATION_LEVEL = "-Owholemodule";
				TARGETED_DEVICE_FAMILY = "1,2";
				VALIDATE_PRODUCT = YES;
			};
			name = Release;
		};
		84499C631E8D8D85007266FA /* Debug */ = {
			isa = XCBuildConfiguration;
			baseConfigurationReference = B30A3F2DA393953A255126B4 /* Pods-VideoTable.debug.xcconfig */;
			buildSettings = {
				ASSETCATALOG_COMPILER_APPICON_NAME = AppIcon;
				DEVELOPMENT_TEAM = KL43C67G5Z;
				INFOPLIST_FILE = VideoTable/Info.plist;
				LD_RUNPATH_SEARCH_PATHS = "$(inherited) @executable_path/Frameworks";
				PRODUCT_BUNDLE_IDENTIFIER = com.admin.VideoTable;
				PRODUCT_NAME = "$(TARGET_NAME)";
				SWIFT_VERSION = 3.0;
			};
			name = Debug;
		};
		84499C641E8D8D85007266FA /* Release */ = {
			isa = XCBuildConfiguration;
			baseConfigurationReference = 8ADA74B2DEFF65A7D0364E89 /* Pods-VideoTable.release.xcconfig */;
			buildSettings = {
				ASSETCATALOG_COMPILER_APPICON_NAME = AppIcon;
				DEVELOPMENT_TEAM = KL43C67G5Z;
				INFOPLIST_FILE = VideoTable/Info.plist;
				LD_RUNPATH_SEARCH_PATHS = "$(inherited) @executable_path/Frameworks";
				PRODUCT_BUNDLE_IDENTIFIER = com.admin.VideoTable;
				PRODUCT_NAME = "$(TARGET_NAME)";
				SWIFT_VERSION = 3.0;
			};
			name = Release;
		};
		84499C661E8D8D85007266FA /* Debug */ = {
			isa = XCBuildConfiguration;
			baseConfigurationReference = 4D910DB378B932E205597F08 /* Pods-VideoTableTests.debug.xcconfig */;
			buildSettings = {
				ALWAYS_EMBED_SWIFT_STANDARD_LIBRARIES = YES;
				BUNDLE_LOADER = "$(TEST_HOST)";
				INFOPLIST_FILE = VideoTableTests/Info.plist;
				LD_RUNPATH_SEARCH_PATHS = "$(inherited) @executable_path/Frameworks @loader_path/Frameworks";
				PRODUCT_BUNDLE_IDENTIFIER = com.admin.VideoTableTests;
				PRODUCT_NAME = "$(TARGET_NAME)";
				SWIFT_VERSION = 3.0;
				TEST_HOST = "$(BUILT_PRODUCTS_DIR)/VideoTable.app/VideoTable";
			};
			name = Debug;
		};
		84499C671E8D8D85007266FA /* Release */ = {
			isa = XCBuildConfiguration;
			baseConfigurationReference = FCC4360DBA43D7A6F22AB70D /* Pods-VideoTableTests.release.xcconfig */;
			buildSettings = {
				ALWAYS_EMBED_SWIFT_STANDARD_LIBRARIES = YES;
				BUNDLE_LOADER = "$(TEST_HOST)";
				INFOPLIST_FILE = VideoTableTests/Info.plist;
				LD_RUNPATH_SEARCH_PATHS = "$(inherited) @executable_path/Frameworks @loader_path/Frameworks";
				PRODUCT_BUNDLE_IDENTIFIER = com.admin.VideoTableTests;
				PRODUCT_NAME = "$(TARGET_NAME)";
				SWIFT_VERSION = 3.0;
				TEST_HOST = "$(BUILT_PRODUCTS_DIR)/VideoTable.app/VideoTable";
			};
			name = Release;
		};
		84499C691E8D8D85007266FA /* Debug */ = {
			isa = XCBuildConfiguration;
			baseConfigurationReference = 9C1FB798449F942E82C6FF5F /* Pods-VideoTableUITests.debug.xcconfig */;
			buildSettings = {
				ALWAYS_EMBED_SWIFT_STANDARD_LIBRARIES = YES;
				INFOPLIST_FILE = VideoTableUITests/Info.plist;
				LD_RUNPATH_SEARCH_PATHS = "$(inherited) @executable_path/Frameworks @loader_path/Frameworks";
				PRODUCT_BUNDLE_IDENTIFIER = com.admin.VideoTableUITests;
				PRODUCT_NAME = "$(TARGET_NAME)";
				SWIFT_VERSION = 3.0;
				TEST_TARGET_NAME = VideoTable;
			};
			name = Debug;
		};
		84499C6A1E8D8D85007266FA /* Release */ = {
			isa = XCBuildConfiguration;
			baseConfigurationReference = 3C1FA45300398A391F99C329 /* Pods-VideoTableUITests.release.xcconfig */;
			buildSettings = {
				ALWAYS_EMBED_SWIFT_STANDARD_LIBRARIES = YES;
				INFOPLIST_FILE = VideoTableUITests/Info.plist;
				LD_RUNPATH_SEARCH_PATHS = "$(inherited) @executable_path/Frameworks @loader_path/Frameworks";
				PRODUCT_BUNDLE_IDENTIFIER = com.admin.VideoTableUITests;
				PRODUCT_NAME = "$(TARGET_NAME)";
				SWIFT_VERSION = 3.0;
				TEST_TARGET_NAME = VideoTable;
			};
			name = Release;
		};
/* End XCBuildConfiguration section */

/* Begin XCConfigurationList section */
		84499C351E8D8D84007266FA /* Build configuration list for PBXProject "VideoTable" */ = {
			isa = XCConfigurationList;
			buildConfigurations = (
				84499C601E8D8D84007266FA /* Debug */,
				84499C611E8D8D84007266FA /* Release */,
			);
			defaultConfigurationIsVisible = 0;
			defaultConfigurationName = Release;
		};
		84499C621E8D8D85007266FA /* Build configuration list for PBXNativeTarget "VideoTable" */ = {
			isa = XCConfigurationList;
			buildConfigurations = (
				84499C631E8D8D85007266FA /* Debug */,
				84499C641E8D8D85007266FA /* Release */,
			);
			defaultConfigurationIsVisible = 0;
			defaultConfigurationName = Release;
		};
		84499C651E8D8D85007266FA /* Build configuration list for PBXNativeTarget "VideoTableTests" */ = {
			isa = XCConfigurationList;
			buildConfigurations = (
				84499C661E8D8D85007266FA /* Debug */,
				84499C671E8D8D85007266FA /* Release */,
			);
			defaultConfigurationIsVisible = 0;
			defaultConfigurationName = Release;
		};
		84499C681E8D8D85007266FA /* Build configuration list for PBXNativeTarget "VideoTableUITests" */ = {
			isa = XCConfigurationList;
			buildConfigurations = (
				84499C691E8D8D85007266FA /* Debug */,
				84499C6A1E8D8D85007266FA /* Release */,
			);
			defaultConfigurationIsVisible = 0;
			defaultConfigurationName = Release;
		};
/* End XCConfigurationList section */
	};
	rootObject = 84499C321E8D8D84007266FA /* Project object */;
}
